
Microsoft Visual Studio Solution File, Format Version 12.00
# Visual Studio Version 17
VisualStudioVersion = 17.9.34607.119
MinimumVisualStudioVersion = 10.0.40219.1
Project("{9A19103F-16F7-4668-BE54-9A1E7A4F7556}") = "ChristmasTreePlanner", "ChristmasTreePlanner\ChristmasTreePlanner.csproj", "{0A5EA0E5-0A9A-4559-8BFF-9DF2A5257626}"
EndProject
Project("{FAE04EC0-301F-11D3-BF4B-00C04F79EFBC}") = "ChristmasTreePlannerTests", "ChristmasTreePlannerTests\ChristmasTreePlannerTests.csproj", "{8CD51CF7-DF4C-4DBF-BBAC-98DDCC2C1E7D}"
EndProject
Project("{FAE04EC0-301F-11D3-BF4B-00C04F79EFBC}") = "ChristmasTreePlannerConsole", "ChristmasTreePlannerConsole\ChristmasTreePlannerConsole.csproj", "{70449318-98F4-4ABF-AA8B-827CEE84AB10}"
EndProject
Global
	GlobalSection(SolutionConfigurationPlatforms) = preSolution
		Debug|Any CPU = Debug|Any CPU
		Release|Any CPU = Release|Any CPU
	EndGlobalSection
	GlobalSection(ProjectConfigurationPlatforms) = postSolution
		{0A5EA0E5-0A9A-4559-8BFF-9DF2A5257626}.Debug|Any CPU.ActiveCfg = Debug|Any CPU
		{0A5EA0E5-0A9A-4559-8BFF-9DF2A5257626}.Debug|Any CPU.Build.0 = Debug|Any CPU
		{0A5EA0E5-0A9A-4559-8BFF-9DF2A5257626}.Release|Any CPU.ActiveCfg = Release|Any CPU
		{0A5EA0E5-0A9A-4559-8BFF-9DF2A5257626}.Release|Any CPU.Build.0 = Release|Any CPU
		{8CD51CF7-DF4C-4DBF-BBAC-98DDCC2C1E7D}.Debug|Any CPU.ActiveCfg = Debug|Any CPU
		{8CD51CF7-DF4C-4DBF-BBAC-98DDCC2C1E7D}.Debug|Any CPU.Build.0 = Debug|Any CPU
		{8CD51CF7-DF4C-4DBF-BBAC-98DDCC2C1E7D}.Release|Any CPU.ActiveCfg = Release|Any CPU
		{8CD51CF7-DF4C-4DBF-BBAC-98DDCC2C1E7D}.Release|Any CPU.Build.0 = Release|Any CPU
		{70449318-98F4-4ABF-AA8B-827CEE84AB10}.Debug|Any CPU.ActiveCfg = Debug|Any CPU
		{70449318-98F4-4ABF-AA8B-827CEE84AB10}.Debug|Any CPU.Build.0 = Debug|Any CPU
		{70449318-98F4-4ABF-AA8B-827CEE84AB10}.Release|Any CPU.ActiveCfg = Release|Any CPU
		{70449318-98F4-4ABF-AA8B-827CEE84AB10}.Release|Any CPU.Build.0 = Release|Any CPU
	EndGlobalSection
	GlobalSection(SolutionProperties) = preSolution
		HideSolutionNode = FALSE
	EndGlobalSection
	GlobalSection(ExtensibilityGlobals) = postSolution
		SolutionGuid = {6E3CE0B4-3EB3-4479-B359-FCE9236F6247}
	EndGlobalSection
EndGlobal
